{
  "name": "1. Restfox Plugin Test",
  "lockfileVersion": 2,
  "requires": true,
  "packages": {
    "": {
      "dependencies": {
        "quickjs-emscripten": "^0.15.0",
        "quickjs-emscripten-sync": "^1.2.0"
      }
    },
    "node_modules/quickjs-emscripten": {
      "version": "0.15.0",
      "resolved": "https://registry.npmjs.org/quickjs-emscripten/-/quickjs-emscripten-0.15.0.tgz",
      "integrity": "sha512-7b32VY45/Rmo/S81W0VcHnsPW9yvCbGOCjf+xl8XYcQIL/FmbfmwroJPnyXHRYC0HO8mk8cTkvsMC+0bR/NrJA=="
    },
    "node_modules/quickjs-emscripten-sync": {
      "version": "1.2.0",
      "resolved": "https://registry.npmjs.org/quickjs-emscripten-sync/-/quickjs-emscripten-sync-1.2.0.tgz",
      "integrity": "sha512-fQep7mjCz0LAXkIvT/W6cuDply4HaSbDoOk/QlvSvvcE0RoVIkr+4XH3QWoCMxS7q51jyS0DDA9NnrPGZXmzKQ==",
      "engines": {
        "node": ">=10"
      },
      "peerDependencies": {
        "quickjs-emscripten": "*"
      }
    }
  },
  "dependencies": {
    "quickjs-emscripten": {
      "version": "0.15.0",
      "resolved": "https://registry.npmjs.org/quickjs-emscripten/-/quickjs-emscripten-0.15.0.tgz",
      "integrity": "sha512-7b32VY45/Rmo/S81W0VcHnsPW9yvCbGOCjf+xl8XYcQIL/FmbfmwroJPnyXHRYC0HO8mk8cTkvsMC+0bR/NrJA=="
    },
    "quickjs-emscripten-sync": {
      "version": "1.2.0",
      "resolved": "https://registry.npmjs.org/quickjs-emscripten-sync/-/quickjs-emscripten-sync-1.2.0.tgz",
      "integrity": "sha512-fQep7mjCz0LAXkIvT/W6cuDply4HaSbDoOk/QlvSvvcE0RoVIkr+4XH3QWoCMxS7q51jyS0DDA9NnrPGZXmzKQ==",
      "requires": {}
    }
  }
}
